
Microsoft Visual Studio Solution File, Format Version 12.00
# Visual Studio Version 16
VisualStudioVersion = 16.0.30621.155
MinimumVisualStudioVersion = 10.0.40219.1
Project("{FAE04EC0-301F-11D3-BF4B-00C04F79EFBC}") = "FinalShopping", "FinalShopping\FinalShopping.csproj", "{FD740FA3-3AC0-415B-A470-F7D09093E014}"
EndProject
Global
	GlobalSection(SolutionConfigurationPlatforms) = preSolution
		Debug|Any CPU = Debug|Any CPU
		Release|Any CPU = Release|Any CPU
	EndGlobalSection
	GlobalSection(ProjectConfigurationPlatforms) = postSolution
		{FD740FA3-3AC0-415B-A470-F7D09093E014}.Debug|Any CPU.ActiveCfg = Debug|Any CPU
		{FD740FA3-3AC0-415B-A470-F7D09093E014}.Debug|Any CPU.Build.0 = Debug|Any CPU
		{FD740FA3-3AC0-415B-A470-F7D09093E014}.Release|Any CPU.ActiveCfg = Release|Any CPU
		{FD740FA3-3AC0-415B-A470-F7D09093E014}.Release|Any CPU.Build.0 = Release|Any CPU
	EndGlobalSection
	GlobalSection(SolutionProperties) = preSolution
		HideSolutionNode = FALSE
	EndGlobalSection
	GlobalSection(ExtensibilityGlobals) = postSolution
		SolutionGuid = {0325AFB4-3F1C-41FF-A998-C6A612D380D6}
	EndGlobalSection
EndGlobal
